// !$*UTF8*$!
{
	archiveVersion = 1;
	classes = {
	};
	objectVersion = 46;
	objects = {

/* Begin PBXBuildFile section */
		483FFF6F1F15CA4E009E9D02 /* main.m in Sources */ = {isa = PBXBuildFile; fileRef = 483FFF6E1F15CA4E009E9D02 /* main.m */; };
		483FFF721F15CA4E009E9D02 /* AppDelegate.m in Sources */ = {isa = PBXBuildFile; fileRef = 483FFF711F15CA4E009E9D02 /* AppDelegate.m */; };
		483FFF781F15CA4E009E9D02 /* Main.storyboard in Resources */ = {isa = PBXBuildFile; fileRef = 483FFF761F15CA4E009E9D02 /* Main.storyboard */; };
		483FFF7A1F15CA4E009E9D02 /* Assets.xcassets in Resources */ = {isa = PBXBuildFile; fileRef = 483FFF791F15CA4E009E9D02 /* Assets.xcassets */; };
		483FFF7D1F15CA4E009E9D02 /* LaunchScreen.storyboard in Resources */ = {isa = PBXBuildFile; fileRef = 483FFF7B1F15CA4E009E9D02 /* LaunchScreen.storyboard */; };
		483FFF851F15CCFA009E9D02 /* GoogleService-Info.plist in Resources */ = {isa = PBXBuildFile; fileRef = 483FFF841F15CCFA009E9D02 /* GoogleService-Info.plist */; };
		483FFF881F15CFF7009E9D02 /* SignInViewController.m in Sources */ = {isa = PBXBuildFile; fileRef = 483FFF871F15CFF7009E9D02 /* SignInViewController.m */; };
		483FFF8B1F15D0D6009E9D02 /* ENTableViewController.m in Sources */ = {isa = PBXBuildFile; fileRef = 483FFF8A1F15D0D6009E9D02 /* ENTableViewController.m */; };
		883CFB6B62D8C15DDE6B6B73 /* libPods-EasyNotes.a in Frameworks */ = {isa = PBXBuildFile; fileRef = A97DAF2B9CCCCB99CE452145 /* libPods-EasyNotes.a */; };
/* End PBXBuildFile section */

/* Begin PBXFileReference section */
		483FFF6A1F15CA4E009E9D02 /* EasyNotes.app */ = {isa = PBXFileReference; explicitFileType = wrapper.application; includeInIndex = 0; path = EasyNotes.app; sourceTree = BUILT_PRODUCTS_DIR; };
		483FFF6E1F15CA4E009E9D02 /* main.m */ = {isa = PBXFileReference; lastKnownFileType = sourcecode.c.objc; path = main.m; sourceTree = "<group>"; };
		483FFF701F15CA4E009E9D02 /* AppDelegate.h */ = {isa = PBXFileReference; lastKnownFileType = sourcecode.c.h; path = AppDelegate.h; sourceTree = "<group>"; };
		483FFF711F15CA4E009E9D02 /* AppDelegate.m */ = {isa = PBXFileReference; lastKnownFileType = sourcecode.c.objc; path = AppDelegate.m; sourceTree = "<group>"; };
		483FFF771F15CA4E009E9D02 /* Base */ = {isa = PBXFileReference; lastKnownFileType = file.storyboard; name = Base; path = Base.lproj/Main.storyboard; sourceTree = "<group>"; };
		483FFF791F15CA4E009E9D02 /* Assets.xcassets */ = {isa = PBXFileReference; lastKnownFileType = folder.assetcatalog; path = Assets.xcassets; sourceTree = "<group>"; };
		483FFF7C1F15CA4E009E9D02 /* Base */ = {isa = PBXFileReference; lastKnownFileType = file.storyboard; name = Base; path = Base.lproj/LaunchScreen.storyboard; sourceTree = "<group>"; };
		483FFF7E1F15CA4E009E9D02 /* Info.plist */ = {isa = PBXFileReference; lastKnownFileType = text.plist.xml; path = Info.plist; sourceTree = "<group>"; };
		483FFF841F15CCFA009E9D02 /* GoogleService-Info.plist */ = {isa = PBXFileReference; fileEncoding = 4; lastKnownFileType = text.plist.xml; path = "GoogleService-Info.plist"; sourceTree = "<group>"; };
		483FFF861F15CFF7009E9D02 /* SignInViewController.h */ = {isa = PBXFileReference; fileEncoding = 4; lastKnownFileType = sourcecode.c.h; path = SignInViewController.h; sourceTree = "<group>"; };
		483FFF871F15CFF7009E9D02 /* SignInViewController.m */ = {isa = PBXFileReference; fileEncoding = 4; lastKnownFileType = sourcecode.c.objc; path = SignInViewController.m; sourceTree = "<group>"; };
		483FFF891F15D0D6009E9D02 /* ENTableViewController.h */ = {isa = PBXFileReference; fileEncoding = 4; lastKnownFileType = sourcecode.c.h; path = ENTableViewController.h; sourceTree = "<group>"; };
		483FFF8A1F15D0D6009E9D02 /* ENTableViewController.m */ = {isa = PBXFileReference; fileEncoding = 4; lastKnownFileType = sourcecode.c.objc; path = ENTableViewController.m; sourceTree = "<group>"; };
		A97DAF2B9CCCCB99CE452145 /* libPods-EasyNotes.a */ = {isa = PBXFileReference; explicitFileType = archive.ar; includeInIndex = 0; path = "libPods-EasyNotes.a"; sourceTree = BUILT_PRODUCTS_DIR; };
		E10E4486C0C602104E984058 /* Pods-EasyNotes.release.xcconfig */ = {isa = PBXFileReference; includeInIndex = 1; lastKnownFileType = text.xcconfig; name = "Pods-EasyNotes.release.xcconfig"; path = "Pods/Target Support Files/Pods-EasyNotes/Pods-EasyNotes.release.xcconfig"; sourceTree = "<group>"; };
		F38069CBBD9160E1A130F66F /* Pods-EasyNotes.debug.xcconfig */ = {isa = PBXFileReference; includeInIndex = 1; lastKnownFileType = text.xcconfig; name = "Pods-EasyNotes.debug.xcconfig"; path = "Pods/Target Support Files/Pods-EasyNotes/Pods-EasyNotes.debug.xcconfig"; sourceTree = "<group>"; };
/* End PBXFileReference section */

/* Begin PBXFrameworksBuildPhase section */
		483FFF671F15CA4E009E9D02 /* Frameworks */ = {
			isa = PBXFrameworksBuildPhase;
			buildActionMask = 2147483647;
			files = (
				883CFB6B62D8C15DDE6B6B73 /* libPods-EasyNotes.a in Frameworks */,
			);
			runOnlyForDeploymentPostprocessing = 0;
		};
/* End PBXFrameworksBuildPhase section */

/* Begin PBXGroup section */
		483FFF611F15CA4E009E9D02 = {
			isa = PBXGroup;
			children = (
				483FFF6C1F15CA4E009E9D02 /* EasyNotes */,
				483FFF6B1F15CA4E009E9D02 /* Products */,
				6F875768981347ECCA82BFDB /* Pods */,
				4FEBFD28ED2568DEC6C7D225 /* Frameworks */,
			);
			sourceTree = "<group>";
		};
		483FFF6B1F15CA4E009E9D02 /* Products */ = {
			isa = PBXGroup;
			children = (
				483FFF6A1F15CA4E009E9D02 /* EasyNotes.app */,
			);
			name = Products;
			sourceTree = "<group>";
		};
		483FFF6C1F15CA4E009E9D02 /* EasyNotes */ = {
			isa = PBXGroup;
			children = (
				483FFF841F15CCFA009E9D02 /* GoogleService-Info.plist */,
				483FFF701F15CA4E009E9D02 /* AppDelegate.h */,
				483FFF711F15CA4E009E9D02 /* AppDelegate.m */,
				483FFF861F15CFF7009E9D02 /* SignInViewController.h */,
				483FFF871F15CFF7009E9D02 /* SignInViewController.m */,
				483FFF891F15D0D6009E9D02 /* ENTableViewController.h */,
				483FFF8A1F15D0D6009E9D02 /* ENTableViewController.m */,
				483FFF761F15CA4E009E9D02 /* Main.storyboard */,
				483FFF6D1F15CA4E009E9D02 /* Supporting Files */,
			);
			path = EasyNotes;
			sourceTree = "<group>";
		};
		483FFF6D1F15CA4E009E9D02 /* Supporting Files */ = {
			isa = PBXGroup;
			children = (
				483FFF791F15CA4E009E9D02 /* Assets.xcassets */,
				483FFF7B1F15CA4E009E9D02 /* LaunchScreen.storyboard */,
				483FFF7E1F15CA4E009E9D02 /* Info.plist */,
				483FFF6E1F15CA4E009E9D02 /* main.m */,
			);
			name = "Supporting Files";
			sourceTree = "<group>";
		};
		4FEBFD28ED2568DEC6C7D225 /* Frameworks */ = {
			isa = PBXGroup;
			children = (
				A97DAF2B9CCCCB99CE452145 /* libPods-EasyNotes.a */,
			);
			name = Frameworks;
			sourceTree = "<group>";
		};
		6F875768981347ECCA82BFDB /* Pods */ = {
			isa = PBXGroup;
			children = (
				F38069CBBD9160E1A130F66F /* Pods-EasyNotes.debug.xcconfig */,
				E10E4486C0C602104E984058 /* Pods-EasyNotes.release.xcconfig */,
			);
			name = Pods;
			sourceTree = "<group>";
		};
/* End PBXGroup section */

/* Begin PBXNativeTarget section */
		483FFF691F15CA4E009E9D02 /* EasyNotes */ = {
			isa = PBXNativeTarget;
			buildConfigurationList = 483FFF811F15CA4E009E9D02 /* Build configuration list for PBXNativeTarget "EasyNotes" */;
			buildPhases = (
				7204B829BF8FF659DADEB02E /* [CP] Check Pods Manifest.lock */,
				483FFF661F15CA4E009E9D02 /* Sources */,
				483FFF671F15CA4E009E9D02 /* Frameworks */,
				483FFF681F15CA4E009E9D02 /* Resources */,
				98D5014728E8A09B6D82855D /* [CP] Embed Pods Frameworks */,
				7D8BF69ED2A67262752B3238 /* [CP] Copy Pods Resources */,
			);
			buildRules = (
			);
			dependencies = (
			);
			name = EasyNotes;
			productName = EasyNotes;
			productReference = 483FFF6A1F15CA4E009E9D02 /* EasyNotes.app */;
			productType = "com.apple.product-type.application";
		};
/* End PBXNativeTarget section */

/* Begin PBXProject section */
		483FFF621F15CA4E009E9D02 /* Project object */ = {
			isa = PBXProject;
			attributes = {
				LastUpgradeCheck = 0830;
				ORGANIZATIONNAME = "Gu Han";
				TargetAttributes = {
					483FFF691F15CA4E009E9D02 = {
						CreatedOnToolsVersion = 8.3.3;
						DevelopmentTeam = H69H7F76LV;
						ProvisioningStyle = Automatic;
					};
				};
			};
			buildConfigurationList = 483FFF651F15CA4E009E9D02 /* Build configuration list for PBXProject "EasyNotes" */;
			compatibilityVersion = "Xcode 3.2";
			developmentRegion = English;
			hasScannedForEncodings = 0;
			knownRegions = (
				en,
				Base,
			);
			mainGroup = 483FFF611F15CA4E009E9D02;
			productRefGroup = 483FFF6B1F15CA4E009E9D02 /* Products */;
			projectDirPath = "";
			projectRoot = "";
			targets = (
				483FFF691F15CA4E009E9D02 /* EasyNotes */,
			);
		};
/* End PBXProject section */

/* Begin PBXResourcesBuildPhase section */
		483FFF681F15CA4E009E9D02 /* Resources */ = {
			isa = PBXResourcesBuildPhase;
			buildActionMask = 2147483647;
			files = (
				483FFF7D1F15CA4E009E9D02 /* LaunchScreen.storyboard in Resources */,
				483FFF851F15CCFA009E9D02 /* GoogleService-Info.plist in Resources */,
				483FFF7A1F15CA4E009E9D02 /* Assets.xcassets in Resources */,
				483FFF781F15CA4E009E9D02 /* Main.storyboard in Resources */,
			);
			runOnlyForDeploymentPostprocessing = 0;
		};
/* End PBXResourcesBuildPhase section */

/* Begin PBXShellScriptBuildPhase section */
		7204B829BF8FF659DADEB02E /* [CP] Check Pods Manifest.lock */ = {
			isa = PBXShellScriptBuildPhase;
			buildActionMask = 2147483647;
			files = (
			);
			inputPaths = (
			);
			name = "[CP] Check Pods Manifest.lock";
			outputPaths = (
			);
			runOnlyForDeploymentPostprocessing = 0;
			shellPath = /bin/sh;
			shellScript = "diff \"${PODS_ROOT}/../Podfile.lock\" \"${PODS_ROOT}/Manifest.lock\" > /dev/null\nif [ $? != 0 ] ; then\n    # print error to STDERR\n    echo \"error: The sandbox is not in sync with the Podfile.lock. Run 'pod install' or update your CocoaPods installation.\" >&2\n    exit 1\nfi\n";
			showEnvVarsInLog = 0;
		};
		7D8BF69ED2A67262752B3238 /* [CP] Copy Pods Resources */ = {
			isa = PBXShellScriptBuildPhase;
			buildActionMask = 2147483647;
			files = (
			);
			inputPaths = (
			);
			name = "[CP] Copy Pods Resources";
			outputPaths = (
			);
			runOnlyForDeploymentPostprocessing = 0;
			shellPath = /bin/sh;
			shellScript = "\"${SRCROOT}/Pods/Target Support Files/Pods-EasyNotes/Pods-EasyNotes-resources.sh\"\n";
			showEnvVarsInLog = 0;
		};
		98D5014728E8A09B6D82855D /* [CP] Embed Pods Frameworks */ = {
			isa = PBXShellScriptBuildPhase;
			buildActionMask = 2147483647;
			files = (
			);
			inputPaths = (
			);
			name = "[CP] Embed Pods Frameworks";
			outputPaths = (
			);
			runOnlyForDeploymentPostprocessing = 0;
			shellPath = /bin/sh;
			shellScript = "\"${SRCROOT}/Pods/Target Support Files/Pods-EasyNotes/Pods-EasyNotes-frameworks.sh\"\n";
			showEnvVarsInLog = 0;
		};
/* End PBXShellScriptBuildPhase section */

/* Begin PBXSourcesBuildPhase section */
		483FFF661F15CA4E009E9D02 /* Sources */ = {
			isa = PBXSourcesBuildPhase;
			buildActionMask = 2147483647;
			files = (
				483FFF8B1F15D0D6009E9D02 /* ENTableViewController.m in Sources */,
				483FFF881F15CFF7009E9D02 /* SignInViewController.m in Sources */,
				483FFF721F15CA4E009E9D02 /* AppDelegate.m in Sources */,
				483FFF6F1F15CA4E009E9D02 /* main.m in Sources */,
			);
			runOnlyForDeploymentPostprocessing = 0;
		};
/* End PBXSourcesBuildPhase section */

/* Begin PBXVariantGroup section */
		483FFF761F15CA4E009E9D02 /* Main.storyboard */ = {
			isa = PBXVariantGroup;
			children = (
				483FFF771F15CA4E009E9D02 /* Base */,
			);
			name = Main.storyboard;
			sourceTree = "<group>";
		};
		483FFF7B1F15CA4E009E9D02 /* LaunchScreen.storyboard */ = {
			isa = PBXVariantGroup;
			children = (
				483FFF7C1F15CA4E009E9D02 /* Base */,
			);
			name = LaunchScreen.storyboard;
			sourceTree = "<group>";
		};
/* End PBXVariantGroup section */

/* Begin XCBuildConfiguration section */
		483FFF7F1F15CA4E009E9D02 /* Debug */ = {
			isa = XCBuildConfiguration;
			buildSettings = {
				ALWAYS_SEARCH_USER_PATHS = NO;
				CLANG_ANALYZER_NONNULL = YES;
				CLANG_ANALYZER_NUMBER_OBJECT_CONVERSION = YES_AGGRESSIVE;
				CLANG_CXX_LANGUAGE_STANDARD = "gnu++0x";
				CLANG_CXX_LIBRARY = "libc++";
				CLANG_ENABLE_MODULES = YES;
				CLANG_ENABLE_OBJC_ARC = YES;
				CLANG_WARN_BOOL_CONVERSION = YES;
				CLANG_WARN_CONSTANT_CONVERSION = YES;
				CLANG_WARN_DIRECT_OBJC_ISA_USAGE = YES_ERROR;
				CLANG_WARN_DOCUMENTATION_COMMENTS = YES;
				CLANG_WARN_EMPTY_BODY = YES;
				CLANG_WARN_ENUM_CONVERSION = YES;
				CLANG_WARN_INFINITE_RECURSION = YES;
				CLANG_WARN_INT_CONVERSION = YES;
				CLANG_WARN_OBJC_ROOT_CLASS = YES_ERROR;
				CLANG_WARN_SUSPICIOUS_MOVE = YES;
				CLANG_WARN_UNREACHABLE_CODE = YES;
				CLANG_WARN__DUPLICATE_METHOD_MATCH = YES;
				"CODE_SIGN_IDENTITY[sdk=iphoneos*]" = "iPhone Developer";
				COPY_PHASE_STRIP = NO;
				DEBUG_INFORMATION_FORMAT = dwarf;
				ENABLE_STRICT_OBJC_MSGSEND = YES;
				ENABLE_TESTABILITY = YES;
				GCC_C_LANGUAGE_STANDARD = gnu99;
				GCC_DYNAMIC_NO_PIC = NO;
				GCC_NO_COMMON_BLOCKS = YES;
				GCC_OPTIMIZATION_LEVEL = 0;
				GCC_PREPROCESSOR_DEFINITIONS = (
					"DEBUG=1",
					"$(inherited)",
				);
				GCC_WARN_64_TO_32_BIT_CONVERSION = YES;
				GCC_WARN_ABOUT_RETURN_TYPE = YES_ERROR;
				GCC_WARN_UNDECLARED_SELECTOR = YES;
				GCC_WARN_UNINITIALIZED_AUTOS = YES_AGGRESSIVE;
				GCC_WARN_UNUSED_FUNCTION = YES;
				GCC_WARN_UNUSED_VARIABLE = YES;
				IPHONEOS_DEPLOYMENT_TARGET = 10.3;
				MTL_ENABLE_DEBUG_INFO = YES;
				ONLY_ACTIVE_ARCH = YES;
				SDKROOT = iphoneos;
				TARGETED_DEVICE_FAMILY = "1,2";
			};
			name = Debug;
		};
		483FFF801F15CA4E009E9D02 /* Release */ = {
			isa = XCBuildConfiguration;
			buildSettings = {
				ALWAYS_SEARCH_USER_PATHS = NO;
				CLANG_ANALYZER_NONNULL = YES;
				CLANG_ANALYZER_NUMBER_OBJECT_CONVERSION = YES_AGGRESSIVE;
				CLANG_CXX_LANGUAGE_STANDARD = "gnu++0x";
				CLANG_CXX_LIBRARY = "libc++";
				CLANG_ENABLE_MODULES = YES;
				CLANG_ENABLE_OBJC_ARC = YES;
				CLANG_WARN_BOOL_CONVERSION = YES;
				CLANG_WARN_CONSTANT_CONVERSION = YES;
				CLANG_WARN_DIRECT_OBJC_ISA_USAGE = YES_ERROR;
				CLANG_WARN_DOCUMENTATION_COMMENTS = YES;
				CLANG_WARN_EMPTY_BODY = YES;
				CLANG_WARN_ENUM_CONVERSION = YES;
				CLANG_WARN_INFINITE_RECURSION = YES;
				CLANG_WARN_INT_CONVERSION = YES;
				CLANG_WARN_OBJC_ROOT_CLASS = YES_ERROR;
				CLANG_WARN_SUSPICIOUS_MOVE = YES;
				CLANG_WARN_UNREACHABLE_CODE = YES;
				CLANG_WARN__DUPLICATE_METHOD_MATCH = YES;
				"CODE_SIGN_IDENTITY[sdk=iphoneos*]" = "iPhone Developer";
				COPY_PHASE_STRIP = NO;
				DEBUG_INFORMATION_FORMAT = "dwarf-with-dsym";
				ENABLE_NS_ASSERTIONS = NO;
				ENABLE_STRICT_OBJC_MSGSEND = YES;
				GCC_C_LANGUAGE_STANDARD = gnu99;
				GCC_NO_COMMON_BLOCKS = YES;
				GCC_WARN_64_TO_32_BIT_CONVERSION = YES;
				GCC_WARN_ABOUT_RETURN_TYPE = YES_ERROR;
				GCC_WARN_UNDECLARED_SELECTOR = YES;
				GCC_WARN_UNINITIALIZED_AUTOS = YES_AGGRESSIVE;
				GCC_WARN_UNUSED_FUNCTION = YES;
				GCC_WARN_UNUSED_VARIABLE = YES;
				IPHONEOS_DEPLOYMENT_TARGET = 10.3;
				MTL_ENABLE_DEBUG_INFO = NO;
				SDKROOT = iphoneos;
				TARGETED_DEVICE_FAMILY = "1,2";
				VALIDATE_PRODUCT = YES;
			};
			name = Release;
		};
		483FFF821F15CA4E009E9D02 /* Debug */ = {
			isa = XCBuildConfiguration;
			baseConfigurationReference = F38069CBBD9160E1A130F66F /* Pods-EasyNotes.debug.xcconfig */;
			buildSettings = {
				ASSETCATALOG_COMPILER_APPICON_NAME = AppIcon;
				DEVELOPMENT_TEAM = H69H7F76LV;
				INFOPLIST_FILE = EasyNotes/Info.plist;
				LD_RUNPATH_SEARCH_PATHS = "$(inherited) @executable_path/Frameworks";
				PRODUCT_BUNDLE_IDENTIFIER = hangu.EasyNotes;
				PRODUCT_NAME = "$(TARGET_NAME)";
			};
			name = Debug;
		};
		483FFF831F15CA4E009E9D02 /* Release */ = {
			isa = XCBuildConfiguration;
			baseConfigurationReference = E10E4486C0C602104E984058 /* Pods-EasyNotes.release.xcconfig */;
			buildSettings = {
				ASSETCATALOG_COMPILER_APPICON_NAME = AppIcon;
				DEVELOPMENT_TEAM = H69H7F76LV;
				INFOPLIST_FILE = EasyNotes/Info.plist;
				LD_RUNPATH_SEARCH_PATHS = "$(inherited) @executable_path/Frameworks";
				PRODUCT_BUNDLE_IDENTIFIER = hangu.EasyNotes;
				PRODUCT_NAME = "$(TARGET_NAME)";
			};
			name = Release;
		};
/* End XCBuildConfiguration section */

/* Begin XCConfigurationList section */
		483FFF651F15CA4E009E9D02 /* Build configuration list for PBXProject "EasyNotes" */ = {
			isa = XCConfigurationList;
			buildConfigurations = (
				483FFF7F1F15CA4E009E9D02 /* Debug */,
				483FFF801F15CA4E009E9D02 /* Release */,
			);
			defaultConfigurationIsVisible = 0;
			defaultConfigurationName = Release;
		};
		483FFF811F15CA4E009E9D02 /* Build configuration list for PBXNativeTarget "EasyNotes" */ = {
			isa = XCConfigurationList;
			buildConfigurations = (
				483FFF821F15CA4E009E9D02 /* Debug */,
				483FFF831F15CA4E009E9D02 /* Release */,
			);
			defaultConfigurationIsVisible = 0;
			defaultConfigurationName = Release;
		};
/* End XCConfigurationList section */
	};
	rootObject = 483FFF621F15CA4E009E9D02 /* Project object */;
}
